{
  "nodes": {
    "cosmo": {
      "inputs": {
        "nixpkgs": [
          "nixpkgs"
        ]
      },
      "locked": {
        "lastModified": 1739566235,
        "narHash": "sha256-4ikcW8iMPLD9PAn0OT68gulYBYo+mivz0sNvk7Cgo44=",
        "owner": "s0ph0s-dog",
        "repo": "cosmopolitan",
        "rev": "a27e0112ccccaba81468913eced440b56a77f927",
        "type": "github"
      },
      "original": {
        "owner": "s0ph0s-dog",
        "ref": "s0ph0s-patches",
        "repo": "cosmopolitan",
        "type": "github"
      }
    },
    "nixpkgs": {
      "locked": {
        "lastModified": 1739357830,
        "narHash": "sha256-9xim3nJJUFbVbJCz48UP4fGRStVW5nv4VdbimbKxJ3I=",
        "owner": "NixOS",
        "repo": "nixpkgs",
        "rev": "0ff09db9d034a04acd4e8908820ba0b410d7a33a",
        "type": "github"
      },
      "original": {
        "id": "nixpkgs",
        "ref": "nixos-24.11",
        "type": "indirect"
      }
    },
    "root": {
      "inputs": {
        "cosmo": "cosmo",
        "nixpkgs": "nixpkgs"
      }
    }
  },
  "root": "root",
  "version": 7
}
