{
  "nodes": {
    "cosmo": {
      "inputs": {
        "nixpkgs": [
          "nixpkgs"
        ]
      },
      "locked": {
        "lastModified": 1739428434,
        "narHash": "sha256-rJkxq/4RE0bzCM8VxbEChUTLLbQ2XzIsLS1qffOKWY4=",
        "owner": "s0ph0s-dog",
        "repo": "cosmopolitan",
        "rev": "c7ee711f5997c5ff00ac4c4921badc1c9c0eac3f",
        "type": "github"
      },
      "original": {
        "owner": "s0ph0s-dog",
        "ref": "s0ph0s-patches",
        "repo": "cosmopolitan",
        "type": "github"
      }
    },
    "nixpkgs": {
      "locked": {
        "lastModified": 1739357830,
        "narHash": "sha256-9xim3nJJUFbVbJCz48UP4fGRStVW5nv4VdbimbKxJ3I=",
        "owner": "NixOS",
        "repo": "nixpkgs",
        "rev": "0ff09db9d034a04acd4e8908820ba0b410d7a33a",
        "type": "github"
      },
      "original": {
        "id": "nixpkgs",
        "ref": "nixos-24.11",
        "type": "indirect"
      }
    },
    "root": {
      "inputs": {
        "cosmo": "cosmo",
        "nixpkgs": "nixpkgs"
      }
    }
  },
  "root": "root",
  "version": 7
}
